
Microsoft Visual Studio Solution File, Format Version 12.00
# Visual Studio 15
VisualStudioVersion = 15.0.27703.2026
MinimumVisualStudioVersion = 10.0.40219.1
Project("{9092AA53-FB77-4645-B42D-1CCCA6BD08BD}") = "Chat", "Chat.njsproj", "{C7AB154A-975C-4408-AD11-D80EC601EA26}"
EndProject
Global
	GlobalSection(SolutionConfigurationPlatforms) = preSolution
		Debug|Any CPU = Debug|Any CPU
		Release|Any CPU = Release|Any CPU
	EndGlobalSection
	GlobalSection(ProjectConfigurationPlatforms) = postSolution
		{C7AB154A-975C-4408-AD11-D80EC601EA26}.Debug|Any CPU.ActiveCfg = Debug|Any CPU
		{C7AB154A-975C-4408-AD11-D80EC601EA26}.Debug|Any CPU.Build.0 = Debug|Any CPU
		{C7AB154A-975C-4408-AD11-D80EC601EA26}.Release|Any CPU.ActiveCfg = Release|Any CPU
		{C7AB154A-975C-4408-AD11-D80EC601EA26}.Release|Any CPU.Build.0 = Release|Any CPU
	EndGlobalSection
	GlobalSection(SolutionProperties) = preSolution
		HideSolutionNode = FALSE
	EndGlobalSection
	GlobalSection(ExtensibilityGlobals) = postSolution
		SolutionGuid = {23ADC1F3-26E6-4481-BE96-5D157EC3B457}
	EndGlobalSection
EndGlobal
